{
  "name": "platform",
  "version": "0.1.0",
  "private": true,
  "scripts": {
    "dev": "next dev",
    "build": "next build",
    "start": "node server.js",
    "lint": "next lint",
    "export": "next export"
  },
  "dependencies": {
    "@binance/connector": "^1.11.0",
    "axios": "^0.27.2",
    "dotenv": "^16.0.3",
    "faunadb": "^4.7.1",
    "fs": "^0.0.1-security",
    "moment": "^2.29.4",
    "moralis": "^1.8.1",
    "moralis-v1": "^1.12.0",
    "next": "12.2.0",
    "react": "18.2.0",
    "react-datetime": "^3.2.0",
    "react-dom": "18.2.0",
    "react-error-boundary": "^3.1.4",
    "react-hook-form": "^7.33.1",
    "react-loader-spinner": "^5.1.7-beta.1",
    "react-moralis": "^1.4.0",
    "react-search-autocomplete": "^8.2.1",
    "react-select": "^5.4.0",
    "react-tooltip": "^4.2.21",
    "reactjs-popup": "^2.0.5",
    "web3uikit": "^0.1.163"
  },
  "devDependencies": {
    "autoprefixer": "^10.4.7",
    "eslint": "8.18.0",
    "eslint-config-next": "12.2.0",
    "postcss": "^8.4.14",
    "tailwindcss": "^3.1.4"
  }
}
